lockfileVersion: 5.3

specifiers:
  vue: 3.2.36

dependencies:
  vue: registry.npmmirror.com/vue/3.2.36

packages:

  registry.npmmirror.com/@babel/parser/7.18.4:
    resolution: {integrity: sha512-FDge0dFazETFcxGw/EXzOkN8uJp0PC7Qbm+Pe9T+av2zlBpOgunFHkQPPn+eRuClU73JF+98D531UgayY89tow==, registry: http://registry.npm.taobao.org/, tarball: https://registry.npmmirror.com/@babel/parser/-/parser-7.18.4.tgz}
    name: '@babel/parser'
    version: 7.18.4
    engines: {node: '>=6.0.0'}
    hasBin: true
    dev: false

  registry.npmmirror.com/@vue/compiler-core/3.2.36:
    resolution: {integrity: sha512-bbyZM5hvBicv0PW3KUfVi+x3ylHnfKG7DOn5wM+f2OztTzTjLEyBb/5yrarIYpmnGitVGbjZqDbODyW4iK8hqw==, registry: http://registry.npm.taobao.org/, tarball: https://registry.npmmirror.com/@vue/compiler-core/-/compiler-core-3.2.36.tgz}
    name: '@vue/compiler-core'
    version: 3.2.36
    dependencies:
      '@babel/parser': registry.npmmirror.com/@babel/parser/7.18.4
      '@vue/shared': registry.npmmirror.com/@vue/shared/3.2.36
      estree-walker: registry.npmmirror.com/estree-walker/2.0.2
      source-map: registry.npmmirror.com/source-map/0.6.1
    dev: false

  registry.npmmirror.com/@vue/compiler-dom/3.2.36:
    resolution: {integrity: sha512-tcOTAOiW4s24QLnq+ON6J+GRONXJ+A/mqKCORi0LSlIh8XQlNnlm24y8xIL8la+ZDgkdbjarQ9ZqYSvEja6gVA==, registry: http://registry.npm.taobao.org/, tarball: https://registry.npmmirror.com/@vue/compiler-dom/-/compiler-dom-3.2.36.tgz}
    name: '@vue/compiler-dom'
    version: 3.2.36
    dependencies:
      '@vue/compiler-core': registry.npmmirror.com/@vue/compiler-core/3.2.36
      '@vue/shared': registry.npmmirror.com/@vue/shared/3.2.36
    dev: false

  registry.npmmirror.com/@vue/compiler-sfc/3.2.36:
    resolution: {integrity: sha512-AvGb4bTj4W8uQ4BqaSxo7UwTEqX5utdRSMyHy58OragWlt8nEACQ9mIeQh3K4di4/SX+41+pJrLIY01lHAOFOA==, registry: http://registry.npm.taobao.org/, tarball: https://registry.npmmirror.com/@vue/compiler-sfc/-/compiler-sfc-3.2.36.tgz}
    name: '@vue/compiler-sfc'
    version: 3.2.36
    dependencies:
      '@babel/parser': registry.npmmirror.com/@babel/parser/7.18.4
      '@vue/compiler-core': registry.npmmirror.com/@vue/compiler-core/3.2.36
      '@vue/compiler-dom': registry.npmmirror.com/@vue/compiler-dom/3.2.36
      '@vue/compiler-ssr': registry.npmmirror.com/@vue/compiler-ssr/3.2.36
      '@vue/reactivity-transform': registry.npmmirror.com/@vue/reactivity-transform/3.2.36
      '@vue/shared': registry.npmmirror.com/@vue/shared/3.2.36
      estree-walker: registry.npmmirror.com/estree-walker/2.0.2
      magic-string: registry.npmmirror.com/magic-string/0.25.9
      postcss: registry.npmmirror.com/postcss/8.4.14
      source-map: registry.npmmirror.com/source-map/0.6.1
    dev: false

  registry.npmmirror.com/@vue/compiler-ssr/3.2.36:
    resolution: {integrity: sha512-+KugInUFRvOxEdLkZwE+W43BqHyhBh0jpYXhmqw1xGq2dmE6J9eZ8UUSOKNhdHtQ/iNLWWeK/wPZkVLUf3YGaw==, registry: http://registry.npm.taobao.org/, tarball: https://registry.npmmirror.com/@vue/compiler-ssr/-/compiler-ssr-3.2.36.tgz}
    name: '@vue/compiler-ssr'
    version: 3.2.36
    dependencies:
      '@vue/compiler-dom': registry.npmmirror.com/@vue/compiler-dom/3.2.36
      '@vue/shared': registry.npmmirror.com/@vue/shared/3.2.36
    dev: false

  registry.npmmirror.com/@vue/reactivity-transform/3.2.36:
    resolution: {integrity: sha512-Jk5o2BhpODC9XTA7o4EL8hSJ4JyrFWErLtClG3NH8wDS7ri9jBDWxI7/549T7JY9uilKsaNM+4pJASLj5dtRwA==, registry: http://registry.npm.taobao.org/, tarball: https://registry.npmmirror.com/@vue/reactivity-transform/-/reactivity-transform-3.2.36.tgz}
    name: '@vue/reactivity-transform'
    version: 3.2.36
    dependencies:
      '@babel/parser': registry.npmmirror.com/@babel/parser/7.18.4
      '@vue/compiler-core': registry.npmmirror.com/@vue/compiler-core/3.2.36
      '@vue/shared': registry.npmmirror.com/@vue/shared/3.2.36
      estree-walker: registry.npmmirror.com/estree-walker/2.0.2
      magic-string: registry.npmmirror.com/magic-string/0.25.9
    dev: false

  registry.npmmirror.com/@vue/reactivity/3.2.36:
    resolution: {integrity: sha512-c2qvopo0crh9A4GXi2/2kfGYMxsJW4tVILrqRPydVGZHhq0fnzy6qmclWOhBFckEhmyxmpHpdJtIRYGeKcuhnA==, registry: http://registry.npm.taobao.org/, tarball: https://registry.npmmirror.com/@vue/reactivity/-/reactivity-3.2.36.tgz}
    name: '@vue/reactivity'
    version: 3.2.36
    dependencies:
      '@vue/shared': registry.npmmirror.com/@vue/shared/3.2.36
    dev: false

  registry.npmmirror.com/@vue/runtime-core/3.2.36:
    resolution: {integrity: sha512-PTWBD+Lub+1U3/KhbCExrfxyS14hstLX+cBboxVHaz+kXoiDLNDEYAovPtxeTutbqtClIXtft+wcGdC+FUQ9qQ==, registry: http://registry.npm.taobao.org/, tarball: https://registry.npmmirror.com/@vue/runtime-core/-/runtime-core-3.2.36.tgz}
    name: '@vue/runtime-core'
    version: 3.2.36
    dependencies:
      '@vue/reactivity': registry.npmmirror.com/@vue/reactivity/3.2.36
      '@vue/shared': registry.npmmirror.com/@vue/shared/3.2.36
    dev: false

  registry.npmmirror.com/@vue/runtime-dom/3.2.36:
    resolution: {integrity: sha512-gYPYblm7QXHVuBohqNRRT7Wez0f2Mx2D40rb4fleehrJU9CnkjG0phhcGEZFfGwCmHZRqBCRgbFWE98bPULqkg==, registry: http://registry.npm.taobao.org/, tarball: https://registry.npmmirror.com/@vue/runtime-dom/-/runtime-dom-3.2.36.tgz}
    name: '@vue/runtime-dom'
    version: 3.2.36
    dependencies:
      '@vue/runtime-core': registry.npmmirror.com/@vue/runtime-core/3.2.36
      '@vue/shared': registry.npmmirror.com/@vue/shared/3.2.36
      csstype: registry.npmmirror.com/csstype/2.6.20
    dev: false

  registry.npmmirror.com/@vue/server-renderer/3.2.36_vue@3.2.36:
    resolution: {integrity: sha512-uZE0+jfye6yYXWvAQYeHZv+f50sRryvy16uiqzk3jn8hEY8zTjI+rzlmZSGoE915k+W/Ol9XSw6vxOUD8dGkUg==, registry: http://registry.npm.taobao.org/, tarball: https://registry.npmmirror.com/@vue/server-renderer/-/server-renderer-3.2.36.tgz}
    id: registry.npmmirror.com/@vue/server-renderer/3.2.36
    name: '@vue/server-renderer'
    version: 3.2.36
    peerDependencies:
      vue: 3.2.36
    dependencies:
      '@vue/compiler-ssr': registry.npmmirror.com/@vue/compiler-ssr/3.2.36
      '@vue/shared': registry.npmmirror.com/@vue/shared/3.2.36
      vue: registry.npmmirror.com/vue/3.2.36
    dev: false

  registry.npmmirror.com/@vue/shared/3.2.36:
    resolution: {integrity: sha512-JtB41wXl7Au3+Nl3gD16Cfpj7k/6aCroZ6BbOiCMFCMvrOpkg/qQUXTso2XowaNqBbnkuGHurLAqkLBxNGc1hQ==, registry: http://registry.npm.taobao.org/, tarball: https://registry.npmmirror.com/@vue/shared/-/shared-3.2.36.tgz}
    name: '@vue/shared'
    version: 3.2.36
    dev: false

  registry.npmmirror.com/csstype/2.6.20:
    resolution: {integrity: sha512-/WwNkdXfckNgw6S5R125rrW8ez139lBHWouiBvX8dfMFtcn6V81REDqnH7+CRpRipfYlyU1CmOnOxrmGcFOjeA==, registry: http://registry.npm.taobao.org/, tarball: https://registry.npmmirror.com/csstype/-/csstype-2.6.20.tgz}
    name: csstype
    version: 2.6.20
    dev: false

  registry.npmmirror.com/estree-walker/2.0.2:
    resolution: {integrity: sha512-Rfkk/Mp/DL7JVje3u18FxFujQlTNR2q6QfMSMB7AvCBx91NGj/ba3kCfza0f6dVDbw7YlRf/nDrn7pQrCCyQ/w==, registry: http://registry.npm.taobao.org/, tarball: https://registry.npmmirror.com/estree-walker/-/estree-walker-2.0.2.tgz}
    name: estree-walker
    version: 2.0.2
    dev: false

  registry.npmmirror.com/magic-string/0.25.9:
    resolution: {integrity: sha512-RmF0AsMzgt25qzqqLc1+MbHmhdx0ojF2Fvs4XnOqz2ZOBXzzkEwc/dJQZCYHAn7v1jbVOjAZfK8msRn4BxO4VQ==, registry: http://registry.npm.taobao.org/, tarball: https://registry.npmmirror.com/magic-string/-/magic-string-0.25.9.tgz}
    name: magic-string
    version: 0.25.9
    dependencies:
      sourcemap-codec: registry.npmmirror.com/sourcemap-codec/1.4.8
    dev: false

  registry.npmmirror.com/nanoid/3.3.4:
    resolution: {integrity: sha512-MqBkQh/OHTS2egovRtLk45wEyNXwF+cokD+1YPf9u5VfJiRdAiRwB2froX5Co9Rh20xs4siNPm8naNotSD6RBw==, registry: http://registry.npm.taobao.org/, tarball: https://registry.npmmirror.com/nanoid/-/nanoid-3.3.4.tgz}
    name: nanoid
    version: 3.3.4
    engines: {node: ^10 || ^12 || ^13.7 || ^14 || >=15.0.1}
    hasBin: true
    dev: false

  registry.npmmirror.com/picocolors/1.0.0:
    resolution: {integrity: sha512-1fygroTLlHu66zi26VoTDv8yRgm0Fccecssto+MhsZ0D/DGW2sm8E8AjW7NU5VVTRt5GxbeZ5qBuJr+HyLYkjQ==, registry: http://registry.npm.taobao.org/, tarball: https://registry.npmmirror.com/picocolors/-/picocolors-1.0.0.tgz}
    name: picocolors
    version: 1.0.0
    dev: false

  registry.npmmirror.com/postcss/8.4.14:
    resolution: {integrity: sha512-E398TUmfAYFPBSdzgeieK2Y1+1cpdxJx8yXbK/m57nRhKSmk1GB2tO4lbLBtlkfPQTDKfe4Xqv1ASWPpayPEig==, registry: http://registry.npm.taobao.org/, tarball: https://registry.npmmirror.com/postcss/-/postcss-8.4.14.tgz}
    name: postcss
    version: 8.4.14
    engines: {node: ^10 || ^12 || >=14}
    dependencies:
      nanoid: registry.npmmirror.com/nanoid/3.3.4
      picocolors: registry.npmmirror.com/picocolors/1.0.0
      source-map-js: registry.npmmirror.com/source-map-js/1.0.2
    dev: false

  registry.npmmirror.com/source-map-js/1.0.2:
    resolution: {integrity: sha512-R0XvVJ9WusLiqTCEiGCmICCMplcCkIwwR11mOSD9CR5u+IXYdiseeEuXCVAjS54zqwkLcPNnmU4OeJ6tUrWhDw==, registry: http://registry.npm.taobao.org/, tarball: https://registry.npmmirror.com/source-map-js/-/source-map-js-1.0.2.tgz}
    name: source-map-js
    version: 1.0.2
    engines: {node: '>=0.10.0'}
    dev: false

  registry.npmmirror.com/source-map/0.6.1:
    resolution: {integrity: sha512-UjgapumWlbMhkBgzT7Ykc5YXUT46F0iKu8SGXq0bcwP5dz/h0Plj6enJqjz1Zbq2l5WaqYnrVbwWOWMyF3F47g==, registry: http://registry.npm.taobao.org/, tarball: https://registry.npmmirror.com/source-map/-/source-map-0.6.1.tgz}
    name: source-map
    version: 0.6.1
    engines: {node: '>=0.10.0'}
    dev: false

  registry.npmmirror.com/sourcemap-codec/1.4.8:
    resolution: {integrity: sha512-9NykojV5Uih4lgo5So5dtw+f0JgJX30KCNI8gwhz2J9A15wD0Ml6tjHKwf6fTSa6fAdVBdZeNOs9eJ71qCk8vA==, registry: http://registry.npm.taobao.org/, tarball: https://registry.npmmirror.com/sourcemap-codec/-/sourcemap-codec-1.4.8.tgz}
    name: sourcemap-codec
    version: 1.4.8
    dev: false

  registry.npmmirror.com/vue/3.2.36:
    resolution: {integrity: sha512-5yTXmrE6gW8IQgttzHW5bfBiFA6mx35ZXHjGLDmKYzW6MMmYvCwuKybANRepwkMYeXw2v1buGg3/lPICY5YlZw==, registry: http://registry.npm.taobao.org/, tarball: https://registry.npmmirror.com/vue/-/vue-3.2.36.tgz}
    name: vue
    version: 3.2.36
    dependencies:
      '@vue/compiler-dom': registry.npmmirror.com/@vue/compiler-dom/3.2.36
      '@vue/compiler-sfc': registry.npmmirror.com/@vue/compiler-sfc/3.2.36
      '@vue/runtime-dom': registry.npmmirror.com/@vue/runtime-dom/3.2.36
      '@vue/server-renderer': registry.npmmirror.com/@vue/server-renderer/3.2.36_vue@3.2.36
      '@vue/shared': registry.npmmirror.com/@vue/shared/3.2.36
    dev: false
