lockfileVersion: 5.4

specifiers:
  react: 17.0.2
  react-dom: 17.0.2

dependencies:
  react: 17.0.2
  react-dom: 17.0.2_react@17.0.2

packages:

  /js-tokens/4.0.0:
    resolution: {integrity: sha512-RdJUflcE3cUzKiMqQgsCu06FPu9UdIJO0beYbPhHN4k6apgJtifcoCtT9bcxOpYBtpD2kCM6Sbzg4CausW/PKQ==, registry: http://registry.npm.taobao.org/}
    dev: false

  /loose-envify/1.4.0:
    resolution: {integrity: sha512-lyuxPGr/Wfhrlem2CL/UcnUc1zcqKAImBDzukY7Y5F/yQiNdko6+fRLevlw1HgMySw7f611UIY408EtxRSoK3Q==, registry: http://registry.npm.taobao.org/}
    hasBin: true
    dependencies:
      js-tokens: 4.0.0
    dev: false

  /object-assign/4.1.1:
    resolution: {integrity: sha512-rJgTQnkUnH1sFw8yT6VSU3zD3sWmu6sZhIseY8VX+GRu3P6F7Fu+JNDoXfklElbLJSnc3FUQHVe4cU5hj+BcUg==, registry: http://registry.npm.taobao.org/}
    engines: {node: '>=0.10.0'}
    dev: false

  /react-dom/17.0.2_react@17.0.2:
    resolution: {integrity: sha512-s4h96KtLDUQlsENhMn1ar8t2bEa+q/YAtj8pPPdIjPDGBDIVNsrD9aXNWqspUe6AzKCIG0C1HZZLqLV7qpOBGA==, registry: http://registry.npm.taobao.org/}
    peerDependencies:
      react: 17.0.2
    dependencies:
      loose-envify: 1.4.0
      object-assign: 4.1.1
      react: 17.0.2
      scheduler: 0.20.2
    dev: false

  /react/17.0.2:
    resolution: {integrity: sha512-gnhPt75i/dq/z3/6q/0asP78D0u592D5L1pd7M8P+dck6Fu/jJeL6iVVK23fptSUZj8Vjf++7wXA8UNclGQcbA==, registry: http://registry.npm.taobao.org/}
    engines: {node: '>=0.10.0'}
    dependencies:
      loose-envify: 1.4.0
      object-assign: 4.1.1
    dev: false

  /scheduler/0.20.2:
    resolution: {integrity: sha512-2eWfGgAqqWFGqtdMmcL5zCMK1U8KlXv8SQFGglL3CEtd0aDVDWgeF/YoCmvln55m5zSk3J/20hTaSBeSObsQDQ==, registry: http://registry.npm.taobao.org/}
    dependencies:
      loose-envify: 1.4.0
      object-assign: 4.1.1
    dev: false
